// !$*UTF8*$!
{
	archiveVersion = 1;
	classes = {
	};
	objectVersion = 46;
	objects = {

/* Begin PBXBuildFile section */
		2F4D9C131D3A6CB400BA2675 /* main.m in Sources */ = {isa = PBXBuildFile; fileRef = 2F4D9C121D3A6CB400BA2675 /* main.m */; };
		2F4D9C161D3A6CB400BA2675 /* AppDelegate.m in Sources */ = {isa = PBXBuildFile; fileRef = 2F4D9C151D3A6CB400BA2675 /* AppDelegate.m */; };
		2F4D9C1E1D3A6CB400BA2675 /* Assets.xcassets in Resources */ = {isa = PBXBuildFile; fileRef = 2F4D9C1D1D3A6CB400BA2675 /* Assets.xcassets */; };
		2F4D9C211D3A6CB400BA2675 /* LaunchScreen.storyboard in Resources */ = {isa = PBXBuildFile; fileRef = 2F4D9C1F1D3A6CB400BA2675 /* LaunchScreen.storyboard */; };
		2F4D9C2C1D3A6CB500BA2675 /* MiaoLiveTests.m in Sources */ = {isa = PBXBuildFile; fileRef = 2F4D9C2B1D3A6CB500BA2675 /* MiaoLiveTests.m */; };
		2F4D9C371D3A6CB500BA2675 /* MiaoLiveUITests.m in Sources */ = {isa = PBXBuildFile; fileRef = 2F4D9C361D3A6CB500BA2675 /* MiaoLiveUITests.m */; };
		2F4D9CA01D3B9C8B00BA2675 /* HomeViewController.m in Sources */ = {isa = PBXBuildFile; fileRef = 2F4D9C851D3B9C8B00BA2675 /* HomeViewController.m */; };
		2F4D9CA11D3B9C8B00BA2675 /* ZHJCareViewController.m in Sources */ = {isa = PBXBuildFile; fileRef = 2F4D9C871D3B9C8B00BA2675 /* ZHJCareViewController.m */; };
		2F4D9CA21D3B9C8B00BA2675 /* ZHJHotTableViewController.m in Sources */ = {isa = PBXBuildFile; fileRef = 2F4D9C891D3B9C8B00BA2675 /* ZHJHotTableViewController.m */; };
		2F4D9CA31D3B9C8B00BA2675 /* ZHJNavigationController.m in Sources */ = {isa = PBXBuildFile; fileRef = 2F4D9C8B1D3B9C8B00BA2675 /* ZHJNavigationController.m */; };
		2F4D9CA41D3B9C8B00BA2675 /* ZHJNewCollectionViewController.m in Sources */ = {isa = PBXBuildFile; fileRef = 2F4D9C8D1D3B9C8B00BA2675 /* ZHJNewCollectionViewController.m */; };
		2F4D9CA51D3B9C8B00BA2675 /* ZHJTabBarController.m in Sources */ = {isa = PBXBuildFile; fileRef = 2F4D9C8F1D3B9C8B00BA2675 /* ZHJTabBarController.m */; };
		2F4D9CA61D3B9C8B00BA2675 /* MeViewController.m in Sources */ = {isa = PBXBuildFile; fileRef = 2F4D9C961D3B9C8B00BA2675 /* MeViewController.m */; };
		2F4D9CA71D3B9C8B00BA2675 /* ShowTimeViewController.m in Sources */ = {isa = PBXBuildFile; fileRef = 2F4D9C991D3B9C8B00BA2675 /* ShowTimeViewController.m */; };
		2F4D9CA81D3B9C8B00BA2675 /* UIBarButtonItem+ZJExtension.m in Sources */ = {isa = PBXBuildFile; fileRef = 2F4D9C9D1D3B9C8B00BA2675 /* UIBarButtonItem+ZJExtension.m */; };
		2F4D9CA91D3B9C8B00BA2675 /* UIView+ZJExtense.m in Sources */ = {isa = PBXBuildFile; fileRef = 2F4D9C9F1D3B9C8B00BA2675 /* UIView+ZJExtense.m */; };
		2F4D9CAF1D3D045E00BA2675 /* ZHJNetworkTool.m in Sources */ = {isa = PBXBuildFile; fileRef = 2F4D9CAE1D3D045E00BA2675 /* ZHJNetworkTool.m */; };
		2F4D9CBE1D3D08D100BA2675 /* ZHJNew.m in Sources */ = {isa = PBXBuildFile; fileRef = 2F4D9CBD1D3D08D100BA2675 /* ZHJNew.m */; };
		2F4D9CC21D3D0D5B00BA2675 /* ZHJNewCollectionViewCell.m in Sources */ = {isa = PBXBuildFile; fileRef = 2F4D9CC01D3D0D5B00BA2675 /* ZHJNewCollectionViewCell.m */; };
		2F4D9CC31D3D0D5B00BA2675 /* ZHJNewCollectionViewCell.xib in Resources */ = {isa = PBXBuildFile; fileRef = 2F4D9CC11D3D0D5B00BA2675 /* ZHJNewCollectionViewCell.xib */; };
		2F79DD7C1D3E66BB0012EFE3 /* ZHJRefreshGifHeader.m in Sources */ = {isa = PBXBuildFile; fileRef = 2F79DD7B1D3E66BB0012EFE3 /* ZHJRefreshGifHeader.m */; };
		2F79DD7F1D3E76490012EFE3 /* ZHJTopWindow.m in Sources */ = {isa = PBXBuildFile; fileRef = 2F79DD7E1D3E76490012EFE3 /* ZHJTopWindow.m */; };
		AF3F4F1DC15163E00C56B2D4 /* libPods.a in Frameworks */ = {isa = PBXBuildFile; fileRef = 49CD417F4B1C189F075ACB6E /* libPods.a */; };
/* End PBXBuildFile section */

/* Begin PBXContainerItemProxy section */
		2F4D9C281D3A6CB500BA2675 /* PBXContainerItemProxy */ = {
			isa = PBXContainerItemProxy;
			containerPortal = 2F4D9C061D3A6CB400BA2675 /* Project object */;
			proxyType = 1;
			remoteGlobalIDString = 2F4D9C0D1D3A6CB400BA2675;
			remoteInfo = MiaoLive;
		};
		2F4D9C331D3A6CB500BA2675 /* PBXContainerItemProxy */ = {
			isa = PBXContainerItemProxy;
			containerPortal = 2F4D9C061D3A6CB400BA2675 /* Project object */;
			proxyType = 1;
			remoteGlobalIDString = 2F4D9C0D1D3A6CB400BA2675;
			remoteInfo = MiaoLive;
		};
/* End PBXContainerItemProxy section */

/* Begin PBXFileReference section */
		1575D0978B17228376D81643 /* Pods.debug.xcconfig */ = {isa = PBXFileReference; includeInIndex = 1; lastKnownFileType = text.xcconfig; name = Pods.debug.xcconfig; path = "Pods/Target Support Files/Pods/Pods.debug.xcconfig"; sourceTree = "<group>"; };
		2F4D9C0E1D3A6CB400BA2675 /* MiaoLive.app */ = {isa = PBXFileReference; explicitFileType = wrapper.application; includeInIndex = 0; path = MiaoLive.app; sourceTree = BUILT_PRODUCTS_DIR; };
		2F4D9C121D3A6CB400BA2675 /* main.m */ = {isa = PBXFileReference; lastKnownFileType = sourcecode.c.objc; path = main.m; sourceTree = "<group>"; };
		2F4D9C141D3A6CB400BA2675 /* AppDelegate.h */ = {isa = PBXFileReference; lastKnownFileType = sourcecode.c.h; path = AppDelegate.h; sourceTree = "<group>"; };
		2F4D9C151D3A6CB400BA2675 /* AppDelegate.m */ = {isa = PBXFileReference; lastKnownFileType = sourcecode.c.objc; path = AppDelegate.m; sourceTree = "<group>"; };
		2F4D9C1D1D3A6CB400BA2675 /* Assets.xcassets */ = {isa = PBXFileReference; lastKnownFileType = folder.assetcatalog; name = Assets.xcassets; path = ../Assets.xcassets; sourceTree = "<group>"; };
		2F4D9C201D3A6CB400BA2675 /* Base */ = {isa = PBXFileReference; lastKnownFileType = file.storyboard; name = Base; path = Base.lproj/LaunchScreen.storyboard; sourceTree = "<group>"; };
		2F4D9C221D3A6CB400BA2675 /* Info.plist */ = {isa = PBXFileReference; lastKnownFileType = text.plist.xml; name = Info.plist; path = ../Info.plist; sourceTree = "<group>"; };
		2F4D9C271D3A6CB500BA2675 /* MiaoLiveTests.xctest */ = {isa = PBXFileReference; explicitFileType = wrapper.cfbundle; includeInIndex = 0; path = MiaoLiveTests.xctest; sourceTree = BUILT_PRODUCTS_DIR; };
		2F4D9C2B1D3A6CB500BA2675 /* MiaoLiveTests.m */ = {isa = PBXFileReference; lastKnownFileType = sourcecode.c.objc; path = MiaoLiveTests.m; sourceTree = "<group>"; };
		2F4D9C2D1D3A6CB500BA2675 /* Info.plist */ = {isa = PBXFileReference; lastKnownFileType = text.plist.xml; path = Info.plist; sourceTree = "<group>"; };
		2F4D9C321D3A6CB500BA2675 /* MiaoLiveUITests.xctest */ = {isa = PBXFileReference; explicitFileType = wrapper.cfbundle; includeInIndex = 0; path = MiaoLiveUITests.xctest; sourceTree = BUILT_PRODUCTS_DIR; };
		2F4D9C361D3A6CB500BA2675 /* MiaoLiveUITests.m */ = {isa = PBXFileReference; lastKnownFileType = sourcecode.c.objc; path = MiaoLiveUITests.m; sourceTree = "<group>"; };
		2F4D9C381D3A6CB500BA2675 /* Info.plist */ = {isa = PBXFileReference; lastKnownFileType = text.plist.xml; path = Info.plist; sourceTree = "<group>"; };
		2F4D9C621D3A798500BA2675 /* PrefixHeader.pch */ = {isa = PBXFileReference; fileEncoding = 4; lastKnownFileType = sourcecode.c.h; path = PrefixHeader.pch; sourceTree = "<group>"; };
		2F4D9C841D3B9C8B00BA2675 /* HomeViewController.h */ = {isa = PBXFileReference; fileEncoding = 4; lastKnownFileType = sourcecode.c.h; path = HomeViewController.h; sourceTree = "<group>"; };
		2F4D9C851D3B9C8B00BA2675 /* HomeViewController.m */ = {isa = PBXFileReference; fileEncoding = 4; lastKnownFileType = sourcecode.c.objc; path = HomeViewController.m; sourceTree = "<group>"; };
		2F4D9C861D3B9C8B00BA2675 /* ZHJCareViewController.h */ = {isa = PBXFileReference; fileEncoding = 4; lastKnownFileType = sourcecode.c.h; path = ZHJCareViewController.h; sourceTree = "<group>"; };
		2F4D9C871D3B9C8B00BA2675 /* ZHJCareViewController.m */ = {isa = PBXFileReference; fileEncoding = 4; lastKnownFileType = sourcecode.c.objc; path = ZHJCareViewController.m; sourceTree = "<group>"; };
		2F4D9C881D3B9C8B00BA2675 /* ZHJHotTableViewController.h */ = {isa = PBXFileReference; fileEncoding = 4; lastKnownFileType = sourcecode.c.h; path = ZHJHotTableViewController.h; sourceTree = "<group>"; };
		2F4D9C891D3B9C8B00BA2675 /* ZHJHotTableViewController.m */ = {isa = PBXFileReference; fileEncoding = 4; lastKnownFileType = sourcecode.c.objc; path = ZHJHotTableViewController.m; sourceTree = "<group>"; };
		2F4D9C8A1D3B9C8B00BA2675 /* ZHJNavigationController.h */ = {isa = PBXFileReference; fileEncoding = 4; lastKnownFileType = sourcecode.c.h; name = ZHJNavigationController.h; path = ../Home/ZHJNavigationController.h; sourceTree = "<group>"; };
		2F4D9C8B1D3B9C8B00BA2675 /* ZHJNavigationController.m */ = {isa = PBXFileReference; fileEncoding = 4; lastKnownFileType = sourcecode.c.objc; name = ZHJNavigationController.m; path = ../Home/ZHJNavigationController.m; sourceTree = "<group>"; };
		2F4D9C8C1D3B9C8B00BA2675 /* ZHJNewCollectionViewController.h */ = {isa = PBXFileReference; fileEncoding = 4; lastKnownFileType = sourcecode.c.h; path = ZHJNewCollectionViewController.h; sourceTree = "<group>"; };
		2F4D9C8D1D3B9C8B00BA2675 /* ZHJNewCollectionViewController.m */ = {isa = PBXFileReference; fileEncoding = 4; lastKnownFileType = sourcecode.c.objc; path = ZHJNewCollectionViewController.m; sourceTree = "<group>"; };
		2F4D9C8E1D3B9C8B00BA2675 /* ZHJTabBarController.h */ = {isa = PBXFileReference; fileEncoding = 4; lastKnownFileType = sourcecode.c.h; name = ZHJTabBarController.h; path = ../Home/ZHJTabBarController.h; sourceTree = "<group>"; };
		2F4D9C8F1D3B9C8B00BA2675 /* ZHJTabBarController.m */ = {isa = PBXFileReference; fileEncoding = 4; lastKnownFileType = sourcecode.c.objc; name = ZHJTabBarController.m; path = ../Home/ZHJTabBarController.m; sourceTree = "<group>"; };
		2F4D9C951D3B9C8B00BA2675 /* MeViewController.h */ = {isa = PBXFileReference; fileEncoding = 4; lastKnownFileType = sourcecode.c.h; path = MeViewController.h; sourceTree = "<group>"; };
		2F4D9C961D3B9C8B00BA2675 /* MeViewController.m */ = {isa = PBXFileReference; fileEncoding = 4; lastKnownFileType = sourcecode.c.objc; path = MeViewController.m; sourceTree = "<group>"; };
		2F4D9C981D3B9C8B00BA2675 /* ShowTimeViewController.h */ = {isa = PBXFileReference; fileEncoding = 4; lastKnownFileType = sourcecode.c.h; path = ShowTimeViewController.h; sourceTree = "<group>"; };
		2F4D9C991D3B9C8B00BA2675 /* ShowTimeViewController.m */ = {isa = PBXFileReference; fileEncoding = 4; lastKnownFileType = sourcecode.c.objc; path = ShowTimeViewController.m; sourceTree = "<group>"; };
		2F4D9C9C1D3B9C8B00BA2675 /* UIBarButtonItem+ZJExtension.h */ = {isa = PBXFileReference; fileEncoding = 4; lastKnownFileType = sourcecode.c.h; path = "UIBarButtonItem+ZJExtension.h"; sourceTree = "<group>"; };
		2F4D9C9D1D3B9C8B00BA2675 /* UIBarButtonItem+ZJExtension.m */ = {isa = PBXFileReference; fileEncoding = 4; lastKnownFileType = sourcecode.c.objc; path = "UIBarButtonItem+ZJExtension.m"; sourceTree = "<group>"; };
		2F4D9C9E1D3B9C8B00BA2675 /* UIView+ZJExtense.h */ = {isa = PBXFileReference; fileEncoding = 4; lastKnownFileType = sourcecode.c.h; path = "UIView+ZJExtense.h"; sourceTree = "<group>"; };
		2F4D9C9F1D3B9C8B00BA2675 /* UIView+ZJExtense.m */ = {isa = PBXFileReference; fileEncoding = 4; lastKnownFileType = sourcecode.c.objc; path = "UIView+ZJExtense.m"; sourceTree = "<group>"; };
		2F4D9CAD1D3D045E00BA2675 /* ZHJNetworkTool.h */ = {isa = PBXFileReference; fileEncoding = 4; lastKnownFileType = sourcecode.c.h; path = ZHJNetworkTool.h; sourceTree = "<group>"; };
		2F4D9CAE1D3D045E00BA2675 /* ZHJNetworkTool.m */ = {isa = PBXFileReference; fileEncoding = 4; lastKnownFileType = sourcecode.c.objc; path = ZHJNetworkTool.m; sourceTree = "<group>"; };
		2F4D9CBC1D3D08D100BA2675 /* ZHJNew.h */ = {isa = PBXFileReference; fileEncoding = 4; lastKnownFileType = sourcecode.c.h; path = ZHJNew.h; sourceTree = "<group>"; };
		2F4D9CBD1D3D08D100BA2675 /* ZHJNew.m */ = {isa = PBXFileReference; fileEncoding = 4; lastKnownFileType = sourcecode.c.objc; path = ZHJNew.m; sourceTree = "<group>"; };
		2F4D9CBF1D3D0D5B00BA2675 /* ZHJNewCollectionViewCell.h */ = {isa = PBXFileReference; fileEncoding = 4; lastKnownFileType = sourcecode.c.h; path = ZHJNewCollectionViewCell.h; sourceTree = "<group>"; };
		2F4D9CC01D3D0D5B00BA2675 /* ZHJNewCollectionViewCell.m */ = {isa = PBXFileReference; fileEncoding = 4; lastKnownFileType = sourcecode.c.objc; path = ZHJNewCollectionViewCell.m; sourceTree = "<group>"; };
		2F4D9CC11D3D0D5B00BA2675 /* ZHJNewCollectionViewCell.xib */ = {isa = PBXFileReference; fileEncoding = 4; lastKnownFileType = file.xib; path = ZHJNewCollectionViewCell.xib; sourceTree = "<group>"; };
		2F79DD7A1D3E66BB0012EFE3 /* ZHJRefreshGifHeader.h */ = {isa = PBXFileReference; fileEncoding = 4; lastKnownFileType = sourcecode.c.h; path = ZHJRefreshGifHeader.h; sourceTree = "<group>"; };
		2F79DD7B1D3E66BB0012EFE3 /* ZHJRefreshGifHeader.m */ = {isa = PBXFileReference; fileEncoding = 4; lastKnownFileType = sourcecode.c.objc; path = ZHJRefreshGifHeader.m; sourceTree = "<group>"; };
		2F79DD7D1D3E76490012EFE3 /* ZHJTopWindow.h */ = {isa = PBXFileReference; fileEncoding = 4; lastKnownFileType = sourcecode.c.h; path = ZHJTopWindow.h; sourceTree = "<group>"; };
		2F79DD7E1D3E76490012EFE3 /* ZHJTopWindow.m */ = {isa = PBXFileReference; fileEncoding = 4; lastKnownFileType = sourcecode.c.objc; path = ZHJTopWindow.m; sourceTree = "<group>"; };
		49CD417F4B1C189F075ACB6E /* libPods.a */ = {isa = PBXFileReference; explicitFileType = archive.ar; includeInIndex = 0; path = libPods.a; sourceTree = BUILT_PRODUCTS_DIR; };
		DC6F4F2580D588D70B3BC15F /* Pods.release.xcconfig */ = {isa = PBXFileReference; includeInIndex = 1; lastKnownFileType = text.xcconfig; name = Pods.release.xcconfig; path = "Pods/Target Support Files/Pods/Pods.release.xcconfig"; sourceTree = "<group>"; };
/* End PBXFileReference section */

/* Begin PBXFrameworksBuildPhase section */
		2F4D9C0B1D3A6CB400BA2675 /* Frameworks */ = {
			isa = PBXFrameworksBuildPhase;
			buildActionMask = 2147483647;
			files = (
				AF3F4F1DC15163E00C56B2D4 /* libPods.a in Frameworks */,
			);
			runOnlyForDeploymentPostprocessing = 0;
		};
		2F4D9C241D3A6CB500BA2675 /* Frameworks */ = {
			isa = PBXFrameworksBuildPhase;
			buildActionMask = 2147483647;
			files = (
			);
			runOnlyForDeploymentPostprocessing = 0;
		};
		2F4D9C2F1D3A6CB500BA2675 /* Frameworks */ = {
			isa = PBXFrameworksBuildPhase;
			buildActionMask = 2147483647;
			files = (
			);
			runOnlyForDeploymentPostprocessing = 0;
		};
/* End PBXFrameworksBuildPhase section */

/* Begin PBXGroup section */
		2F4D9C051D3A6CB400BA2675 = {
			isa = PBXGroup;
			children = (
				2F4D9C101D3A6CB400BA2675 /* MiaoLive */,
				2F4D9C2A1D3A6CB500BA2675 /* MiaoLiveTests */,
				2F4D9C351D3A6CB500BA2675 /* MiaoLiveUITests */,
				2F4D9C0F1D3A6CB400BA2675 /* Products */,
				4ED0AB1D38D41746811C9CB5 /* Pods */,
				E9AFFD83419644DF0C2D917E /* Frameworks */,
			);
			sourceTree = "<group>";
		};
		2F4D9C0F1D3A6CB400BA2675 /* Products */ = {
			isa = PBXGroup;
			children = (
				2F4D9C0E1D3A6CB400BA2675 /* MiaoLive.app */,
				2F4D9C271D3A6CB500BA2675 /* MiaoLiveTests.xctest */,
				2F4D9C321D3A6CB500BA2675 /* MiaoLiveUITests.xctest */,
			);
			name = Products;
			sourceTree = "<group>";
		};
		2F4D9C101D3A6CB400BA2675 /* MiaoLive */ = {
			isa = PBXGroup;
			children = (
				2F4D9C141D3A6CB400BA2675 /* AppDelegate.h */,
				2F4D9C151D3A6CB400BA2675 /* AppDelegate.m */,
				2F4D9C821D3B9C8B00BA2675 /* Classes */,
				2F4D9C441D3A6D4000BA2675 /* Frameworks */,
				2F4D9C4B1D3A6D4100BA2675 /* Resource */,
				2F4D9C111D3A6CB400BA2675 /* Supporting Files */,
			);
			path = MiaoLive;
			sourceTree = "<group>";
		};
		2F4D9C111D3A6CB400BA2675 /* Supporting Files */ = {
			isa = PBXGroup;
			children = (
				2F4D9C1F1D3A6CB400BA2675 /* LaunchScreen.storyboard */,
				2F4D9C621D3A798500BA2675 /* PrefixHeader.pch */,
				2F4D9C121D3A6CB400BA2675 /* main.m */,
			);
			name = "Supporting Files";
			sourceTree = "<group>";
		};
		2F4D9C2A1D3A6CB500BA2675 /* MiaoLiveTests */ = {
			isa = PBXGroup;
			children = (
				2F4D9C2B1D3A6CB500BA2675 /* MiaoLiveTests.m */,
				2F4D9C2D1D3A6CB500BA2675 /* Info.plist */,
			);
			path = MiaoLiveTests;
			sourceTree = "<group>";
		};
		2F4D9C351D3A6CB500BA2675 /* MiaoLiveUITests */ = {
			isa = PBXGroup;
			children = (
				2F4D9C361D3A6CB500BA2675 /* MiaoLiveUITests.m */,
				2F4D9C381D3A6CB500BA2675 /* Info.plist */,
			);
			path = MiaoLiveUITests;
			sourceTree = "<group>";
		};
		2F4D9C441D3A6D4000BA2675 /* Frameworks */ = {
			isa = PBXGroup;
			children = (
			);
			path = Frameworks;
			sourceTree = "<group>";
		};
		2F4D9C4B1D3A6D4100BA2675 /* Resource */ = {
			isa = PBXGroup;
			children = (
				2F4D9C221D3A6CB400BA2675 /* Info.plist */,
				2F4D9C1D1D3A6CB400BA2675 /* Assets.xcassets */,
			);
			path = Resource;
			sourceTree = "<group>";
		};
		2F4D9C821D3B9C8B00BA2675 /* Classes */ = {
			isa = PBXGroup;
			children = (
				2F4D9C831D3B9C8B00BA2675 /* Home */,
				2F4D9C901D3B9C8B00BA2675 /* Login */,
				2F4D9C911D3B9C8B00BA2675 /* Main */,
				2F4D9C921D3B9C8B00BA2675 /* Networking */,
				2F4D9C931D3B9C8B00BA2675 /* Other */,
				2F4D9C941D3B9C8B00BA2675 /* Profile */,
				2F4D9C971D3B9C8B00BA2675 /* ShowTime */,
				2F4D9C9A1D3B9C8B00BA2675 /* Tools */,
			);
			path = Classes;
			sourceTree = "<group>";
		};
		2F4D9C831D3B9C8B00BA2675 /* Home */ = {
			isa = PBXGroup;
			children = (
				2F4D9C841D3B9C8B00BA2675 /* HomeViewController.h */,
				2F4D9C851D3B9C8B00BA2675 /* HomeViewController.m */,
				2F4D9CB21D3D073300BA2675 /* Care */,
				2F4D9CB11D3D072A00BA2675 /* New */,
				2F4D9CB01D3D070E00BA2675 /* Hot */,
			);
			path = Home;
			sourceTree = "<group>";
		};
		2F4D9C901D3B9C8B00BA2675 /* Login */ = {
			isa = PBXGroup;
			children = (
			);
			path = Login;
			sourceTree = "<group>";
		};
		2F4D9C911D3B9C8B00BA2675 /* Main */ = {
			isa = PBXGroup;
			children = (
			);
			path = Main;
			sourceTree = "<group>";
		};
		2F4D9C921D3B9C8B00BA2675 /* Networking */ = {
			isa = PBXGroup;
			children = (
				2F4D9CAD1D3D045E00BA2675 /* ZHJNetworkTool.h */,
				2F4D9CAE1D3D045E00BA2675 /* ZHJNetworkTool.m */,
			);
			path = Networking;
			sourceTree = "<group>";
		};
		2F4D9C931D3B9C8B00BA2675 /* Other */ = {
			isa = PBXGroup;
			children = (
				2F79DD811D3E76910012EFE3 /* Views */,
				2F79DD801D3E76750012EFE3 /* Controllers */,
			);
			path = Other;
			sourceTree = "<group>";
		};
		2F4D9C941D3B9C8B00BA2675 /* Profile */ = {
			isa = PBXGroup;
			children = (
				2F4D9C951D3B9C8B00BA2675 /* MeViewController.h */,
				2F4D9C961D3B9C8B00BA2675 /* MeViewController.m */,
			);
			path = Profile;
			sourceTree = "<group>";
		};
		2F4D9C971D3B9C8B00BA2675 /* ShowTime */ = {
			isa = PBXGroup;
			children = (
				2F4D9C981D3B9C8B00BA2675 /* ShowTimeViewController.h */,
				2F4D9C991D3B9C8B00BA2675 /* ShowTimeViewController.m */,
			);
			path = ShowTime;
			sourceTree = "<group>";
		};
		2F4D9C9A1D3B9C8B00BA2675 /* Tools */ = {
			isa = PBXGroup;
			children = (
				2F4D9C9B1D3B9C8B00BA2675 /* Category */,
			);
			path = Tools;
			sourceTree = "<group>";
		};
		2F4D9C9B1D3B9C8B00BA2675 /* Category */ = {
			isa = PBXGroup;
			children = (
				2F4D9C9C1D3B9C8B00BA2675 /* UIBarButtonItem+ZJExtension.h */,
				2F4D9C9D1D3B9C8B00BA2675 /* UIBarButtonItem+ZJExtension.m */,
				2F4D9C9E1D3B9C8B00BA2675 /* UIView+ZJExtense.h */,
				2F4D9C9F1D3B9C8B00BA2675 /* UIView+ZJExtense.m */,
			);
			path = Category;
			sourceTree = "<group>";
		};
		2F4D9CB01D3D070E00BA2675 /* Hot */ = {
			isa = PBXGroup;
			children = (
				2F4D9CB91D3D07FD00BA2675 /* ViewControllers */,
				2F4D9CBA1D3D080500BA2675 /* Models */,
				2F4D9CBB1D3D085D00BA2675 /* Views */,
			);
			name = Hot;
			sourceTree = "<group>";
		};
		2F4D9CB11D3D072A00BA2675 /* New */ = {
			isa = PBXGroup;
			children = (
				2F4D9CB31D3D07A200BA2675 /* ViewControllers */,
				2F4D9CB41D3D07B500BA2675 /* Models */,
				2F4D9CB51D3D07BC00BA2675 /* Views */,
			);
			name = New;
			sourceTree = "<group>";
		};
		2F4D9CB21D3D073300BA2675 /* Care */ = {
			isa = PBXGroup;
			children = (
				2F4D9CB61D3D07CF00BA2675 /* ViewControllers */,
				2F4D9CB71D3D07D800BA2675 /* Models */,
				2F4D9CB81D3D07DD00BA2675 /* Views */,
			);
			name = Care;
			sourceTree = "<group>";
		};
		2F4D9CB31D3D07A200BA2675 /* ViewControllers */ = {
			isa = PBXGroup;
			children = (
				2F4D9C8C1D3B9C8B00BA2675 /* ZHJNewCollectionViewController.h */,
				2F4D9C8D1D3B9C8B00BA2675 /* ZHJNewCollectionViewController.m */,
				2F79DD7A1D3E66BB0012EFE3 /* ZHJRefreshGifHeader.h */,
				2F79DD7B1D3E66BB0012EFE3 /* ZHJRefreshGifHeader.m */,
			);
			name = ViewControllers;
			sourceTree = "<group>";
		};
		2F4D9CB41D3D07B500BA2675 /* Models */ = {
			isa = PBXGroup;
			children = (
				2F4D9CBC1D3D08D100BA2675 /* ZHJNew.h */,
				2F4D9CBD1D3D08D100BA2675 /* ZHJNew.m */,
			);
			name = Models;
			sourceTree = "<group>";
		};
		2F4D9CB51D3D07BC00BA2675 /* Views */ = {
			isa = PBXGroup;
			children = (
				2F4D9CBF1D3D0D5B00BA2675 /* ZHJNewCollectionViewCell.h */,
				2F4D9CC01D3D0D5B00BA2675 /* ZHJNewCollectionViewCell.m */,
				2F4D9CC11D3D0D5B00BA2675 /* ZHJNewCollectionViewCell.xib */,
			);
			name = Views;
			sourceTree = "<group>";
		};
		2F4D9CB61D3D07CF00BA2675 /* ViewControllers */ = {
			isa = PBXGroup;
			children = (
				2F4D9C861D3B9C8B00BA2675 /* ZHJCareViewController.h */,
				2F4D9C871D3B9C8B00BA2675 /* ZHJCareViewController.m */,
			);
			name = ViewControllers;
			sourceTree = "<group>";
		};
		2F4D9CB71D3D07D800BA2675 /* Models */ = {
			isa = PBXGroup;
			children = (
			);
			name = Models;
			sourceTree = "<group>";
		};
		2F4D9CB81D3D07DD00BA2675 /* Views */ = {
			isa = PBXGroup;
			children = (
			);
			name = Views;
			sourceTree = "<group>";
		};
		2F4D9CB91D3D07FD00BA2675 /* ViewControllers */ = {
			isa = PBXGroup;
			children = (
				2F4D9C881D3B9C8B00BA2675 /* ZHJHotTableViewController.h */,
				2F4D9C891D3B9C8B00BA2675 /* ZHJHotTableViewController.m */,
			);
			name = ViewControllers;
			sourceTree = "<group>";
		};
		2F4D9CBA1D3D080500BA2675 /* Models */ = {
			isa = PBXGroup;
			children = (
			);
			name = Models;
			sourceTree = "<group>";
		};
		2F4D9CBB1D3D085D00BA2675 /* Views */ = {
			isa = PBXGroup;
			children = (
			);
			name = Views;
			sourceTree = "<group>";
		};
		2F79DD801D3E76750012EFE3 /* Controllers */ = {
			isa = PBXGroup;
			children = (
				2F4D9C8E1D3B9C8B00BA2675 /* ZHJTabBarController.h */,
				2F4D9C8F1D3B9C8B00BA2675 /* ZHJTabBarController.m */,
				2F4D9C8A1D3B9C8B00BA2675 /* ZHJNavigationController.h */,
				2F4D9C8B1D3B9C8B00BA2675 /* ZHJNavigationController.m */,
			);
			name = Controllers;
			sourceTree = "<group>";
		};
		2F79DD811D3E76910012EFE3 /* Views */ = {
			isa = PBXGroup;
			children = (
				2F79DD7D1D3E76490012EFE3 /* ZHJTopWindow.h */,
				2F79DD7E1D3E76490012EFE3 /* ZHJTopWindow.m */,
			);
			name = Views;
			sourceTree = "<group>";
		};
		4ED0AB1D38D41746811C9CB5 /* Pods */ = {
			isa = PBXGroup;
			children = (
				1575D0978B17228376D81643 /* Pods.debug.xcconfig */,
				DC6F4F2580D588D70B3BC15F /* Pods.release.xcconfig */,
			);
			name = Pods;
			sourceTree = "<group>";
		};
		E9AFFD83419644DF0C2D917E /* Frameworks */ = {
			isa = PBXGroup;
			children = (
				49CD417F4B1C189F075ACB6E /* libPods.a */,
			);
			name = Frameworks;
			sourceTree = "<group>";
		};
/* End PBXGroup section */

/* Begin PBXNativeTarget section */
		2F4D9C0D1D3A6CB400BA2675 /* MiaoLive */ = {
			isa = PBXNativeTarget;
			buildConfigurationList = 2F4D9C3B1D3A6CB500BA2675 /* Build configuration list for PBXNativeTarget "MiaoLive" */;
			buildPhases = (
				D40740658EFDD6C2F46F16E9 /* Check Pods Manifest.lock */,
				2F4D9C0A1D3A6CB400BA2675 /* Sources */,
				2F4D9C0B1D3A6CB400BA2675 /* Frameworks */,
				2F4D9C0C1D3A6CB400BA2675 /* Resources */,
				9B2006113ED7A537CB20F724 /* Embed Pods Frameworks */,
				D220EBD283337C66509F94A3 /* Copy Pods Resources */,
			);
			buildRules = (
			);
			dependencies = (
			);
			name = MiaoLive;
			productName = MiaoLive;
			productReference = 2F4D9C0E1D3A6CB400BA2675 /* MiaoLive.app */;
			productType = "com.apple.product-type.application";
		};
		2F4D9C261D3A6CB500BA2675 /* MiaoLiveTests */ = {
			isa = PBXNativeTarget;
			buildConfigurationList = 2F4D9C3E1D3A6CB500BA2675 /* Build configuration list for PBXNativeTarget "MiaoLiveTests" */;
			buildPhases = (
				2F4D9C231D3A6CB500BA2675 /* Sources */,
				2F4D9C241D3A6CB500BA2675 /* Frameworks */,
				2F4D9C251D3A6CB500BA2675 /* Resources */,
			);
			buildRules = (
			);
			dependencies = (
				2F4D9C291D3A6CB500BA2675 /* PBXTargetDependency */,
			);
			name = MiaoLiveTests;
			productName = MiaoLiveTests;
			productReference = 2F4D9C271D3A6CB500BA2675 /* MiaoLiveTests.xctest */;
			productType = "com.apple.product-type.bundle.unit-test";
		};
		2F4D9C311D3A6CB500BA2675 /* MiaoLiveUITests */ = {
			isa = PBXNativeTarget;
			buildConfigurationList = 2F4D9C411D3A6CB500BA2675 /* Build configuration list for PBXNativeTarget "MiaoLiveUITests" */;
			buildPhases = (
				2F4D9C2E1D3A6CB500BA2675 /* Sources */,
				2F4D9C2F1D3A6CB500BA2675 /* Frameworks */,
				2F4D9C301D3A6CB500BA2675 /* Resources */,
			);
			buildRules = (
			);
			dependencies = (
				2F4D9C341D3A6CB500BA2675 /* PBXTargetDependency */,
			);
			name = MiaoLiveUITests;
			productName = MiaoLiveUITests;
			productReference = 2F4D9C321D3A6CB500BA2675 /* MiaoLiveUITests.xctest */;
			productType = "com.apple.product-type.bundle.ui-testing";
		};
/* End PBXNativeTarget section */

/* Begin PBXProject section */
		2F4D9C061D3A6CB400BA2675 /* Project object */ = {
			isa = PBXProject;
			attributes = {
				LastUpgradeCheck = 0730;
				ORGANIZATIONNAME = zhangjie;
				TargetAttributes = {
					2F4D9C0D1D3A6CB400BA2675 = {
						CreatedOnToolsVersion = 7.3.1;
						DevelopmentTeam = Z822K6T9AA;
					};
					2F4D9C261D3A6CB500BA2675 = {
						CreatedOnToolsVersion = 7.3.1;
						DevelopmentTeam = Z822K6T9AA;
						TestTargetID = 2F4D9C0D1D3A6CB400BA2675;
					};
					2F4D9C311D3A6CB500BA2675 = {
						CreatedOnToolsVersion = 7.3.1;
						DevelopmentTeam = Z822K6T9AA;
						TestTargetID = 2F4D9C0D1D3A6CB400BA2675;
					};
				};
			};
			buildConfigurationList = 2F4D9C091D3A6CB400BA2675 /* Build configuration list for PBXProject "MiaoLive" */;
			compatibilityVersion = "Xcode 3.2";
			developmentRegion = English;
			hasScannedForEncodings = 0;
			knownRegions = (
				en,
				Base,
			);
			mainGroup = 2F4D9C051D3A6CB400BA2675;
			productRefGroup = 2F4D9C0F1D3A6CB400BA2675 /* Products */;
			projectDirPath = "";
			projectRoot = "";
			targets = (
				2F4D9C0D1D3A6CB400BA2675 /* MiaoLive */,
				2F4D9C261D3A6CB500BA2675 /* MiaoLiveTests */,
				2F4D9C311D3A6CB500BA2675 /* MiaoLiveUITests */,
			);
		};
/* End PBXProject section */

/* Begin PBXResourcesBuildPhase section */
		2F4D9C0C1D3A6CB400BA2675 /* Resources */ = {
			isa = PBXResourcesBuildPhase;
			buildActionMask = 2147483647;
			files = (
				2F4D9C211D3A6CB400BA2675 /* LaunchScreen.storyboard in Resources */,
				2F4D9CC31D3D0D5B00BA2675 /* ZHJNewCollectionViewCell.xib in Resources */,
				2F4D9C1E1D3A6CB400BA2675 /* Assets.xcassets in Resources */,
			);
			runOnlyForDeploymentPostprocessing = 0;
		};
		2F4D9C251D3A6CB500BA2675 /* Resources */ = {
			isa = PBXResourcesBuildPhase;
			buildActionMask = 2147483647;
			files = (
			);
			runOnlyForDeploymentPostprocessing = 0;
		};
		2F4D9C301D3A6CB500BA2675 /* Resources */ = {
			isa = PBXResourcesBuildPhase;
			buildActionMask = 2147483647;
			files = (
			);
			runOnlyForDeploymentPostprocessing = 0;
		};
/* End PBXResourcesBuildPhase section */

/* Begin PBXShellScriptBuildPhase section */
		9B2006113ED7A537CB20F724 /* Embed Pods Frameworks */ = {
			isa = PBXShellScriptBuildPhase;
			buildActionMask = 2147483647;
			files = (
			);
			inputPaths = (
			);
			name = "Embed Pods Frameworks";
			outputPaths = (
			);
			runOnlyForDeploymentPostprocessing = 0;
			shellPath = /bin/sh;
			shellScript = "\"${SRCROOT}/Pods/Target Support Files/Pods/Pods-frameworks.sh\"\n";
			showEnvVarsInLog = 0;
		};
		D220EBD283337C66509F94A3 /* Copy Pods Resources */ = {
			isa = PBXShellScriptBuildPhase;
			buildActionMask = 2147483647;
			files = (
			);
			inputPaths = (
			);
			name = "Copy Pods Resources";
			outputPaths = (
			);
			runOnlyForDeploymentPostprocessing = 0;
			shellPath = /bin/sh;
			shellScript = "\"${SRCROOT}/Pods/Target Support Files/Pods/Pods-resources.sh\"\n";
			showEnvVarsInLog = 0;
		};
		D40740658EFDD6C2F46F16E9 /* Check Pods Manifest.lock */ = {
			isa = PBXShellScriptBuildPhase;
			buildActionMask = 2147483647;
			files = (
			);
			inputPaths = (
			);
			name = "Check Pods Manifest.lock";
			outputPaths = (
			);
			runOnlyForDeploymentPostprocessing = 0;
			shellPath = /bin/sh;
			shellScript = "diff \"${PODS_ROOT}/../Podfile.lock\" \"${PODS_ROOT}/Manifest.lock\" > /dev/null\nif [[ $? != 0 ]] ; then\n    cat << EOM\nerror: The sandbox is not in sync with the Podfile.lock. Run 'pod install' or update your CocoaPods installation.\nEOM\n    exit 1\nfi\n";
			showEnvVarsInLog = 0;
		};
/* End PBXShellScriptBuildPhase section */

/* Begin PBXSourcesBuildPhase section */
		2F4D9C0A1D3A6CB400BA2675 /* Sources */ = {
			isa = PBXSourcesBuildPhase;
			buildActionMask = 2147483647;
			files = (
				2F4D9CA51D3B9C8B00BA2675 /* ZHJTabBarController.m in Sources */,
				2F4D9CA31D3B9C8B00BA2675 /* ZHJNavigationController.m in Sources */,
				2F4D9CC21D3D0D5B00BA2675 /* ZHJNewCollectionViewCell.m in Sources */,
				2F4D9CA81D3B9C8B00BA2675 /* UIBarButtonItem+ZJExtension.m in Sources */,
				2F4D9CA41D3B9C8B00BA2675 /* ZHJNewCollectionViewController.m in Sources */,
				2F4D9CA91D3B9C8B00BA2675 /* UIView+ZJExtense.m in Sources */,
				2F4D9CBE1D3D08D100BA2675 /* ZHJNew.m in Sources */,
				2F4D9C161D3A6CB400BA2675 /* AppDelegate.m in Sources */,
				2F4D9C131D3A6CB400BA2675 /* main.m in Sources */,
				2F4D9CAF1D3D045E00BA2675 /* ZHJNetworkTool.m in Sources */,
				2F79DD7F1D3E76490012EFE3 /* ZHJTopWindow.m in Sources */,
				2F79DD7C1D3E66BB0012EFE3 /* ZHJRefreshGifHeader.m in Sources */,
				2F4D9CA61D3B9C8B00BA2675 /* MeViewController.m in Sources */,
				2F4D9CA11D3B9C8B00BA2675 /* ZHJCareViewController.m in Sources */,
				2F4D9CA01D3B9C8B00BA2675 /* HomeViewController.m in Sources */,
				2F4D9CA71D3B9C8B00BA2675 /* ShowTimeViewController.m in Sources */,
				2F4D9CA21D3B9C8B00BA2675 /* ZHJHotTableViewController.m in Sources */,
			);
			runOnlyForDeploymentPostprocessing = 0;
		};
		2F4D9C231D3A6CB500BA2675 /* Sources */ = {
			isa = PBXSourcesBuildPhase;
			buildActionMask = 2147483647;
			files = (
				2F4D9C2C1D3A6CB500BA2675 /* MiaoLiveTests.m in Sources */,
			);
			runOnlyForDeploymentPostprocessing = 0;
		};
		2F4D9C2E1D3A6CB500BA2675 /* Sources */ = {
			isa = PBXSourcesBuildPhase;
			buildActionMask = 2147483647;
			files = (
				2F4D9C371D3A6CB500BA2675 /* MiaoLiveUITests.m in Sources */,
			);
			runOnlyForDeploymentPostprocessing = 0;
		};
/* End PBXSourcesBuildPhase section */

/* Begin PBXTargetDependency section */
		2F4D9C291D3A6CB500BA2675 /* PBXTargetDependency */ = {
			isa = PBXTargetDependency;
			target = 2F4D9C0D1D3A6CB400BA2675 /* MiaoLive */;
			targetProxy = 2F4D9C281D3A6CB500BA2675 /* PBXContainerItemProxy */;
		};
		2F4D9C341D3A6CB500BA2675 /* PBXTargetDependency */ = {
			isa = PBXTargetDependency;
			target = 2F4D9C0D1D3A6CB400BA2675 /* MiaoLive */;
			targetProxy = 2F4D9C331D3A6CB500BA2675 /* PBXContainerItemProxy */;
		};
/* End PBXTargetDependency section */

/* Begin PBXVariantGroup section */
		2F4D9C1F1D3A6CB400BA2675 /* LaunchScreen.storyboard */ = {
			isa = PBXVariantGroup;
			children = (
				2F4D9C201D3A6CB400BA2675 /* Base */,
			);
			name = LaunchScreen.storyboard;
			sourceTree = "<group>";
		};
/* End PBXVariantGroup section */

/* Begin XCBuildConfiguration section */
		2F4D9C391D3A6CB500BA2675 /* Debug */ = {
			isa = XCBuildConfiguration;
			buildSettings = {
				ALWAYS_SEARCH_USER_PATHS = NO;
				CLANG_ANALYZER_NONNULL = YES;
				CLANG_CXX_LANGUAGE_STANDARD = "gnu++0x";
				CLANG_CXX_LIBRARY = "libc++";
				CLANG_ENABLE_MODULES = YES;
				CLANG_ENABLE_OBJC_ARC = YES;
				CLANG_WARN_BOOL_CONVERSION = YES;
				CLANG_WARN_CONSTANT_CONVERSION = YES;
				CLANG_WARN_DIRECT_OBJC_ISA_USAGE = YES_ERROR;
				CLANG_WARN_EMPTY_BODY = YES;
				CLANG_WARN_ENUM_CONVERSION = YES;
				CLANG_WARN_INT_CONVERSION = YES;
				CLANG_WARN_OBJC_ROOT_CLASS = YES_ERROR;
				CLANG_WARN_UNREACHABLE_CODE = YES;
				CLANG_WARN__DUPLICATE_METHOD_MATCH = YES;
				"CODE_SIGN_IDENTITY[sdk=iphoneos*]" = "iPhone Developer";
				COPY_PHASE_STRIP = NO;
				DEBUG_INFORMATION_FORMAT = dwarf;
				ENABLE_STRICT_OBJC_MSGSEND = YES;
				ENABLE_TESTABILITY = YES;
				GCC_C_LANGUAGE_STANDARD = gnu99;
				GCC_DYNAMIC_NO_PIC = NO;
				GCC_NO_COMMON_BLOCKS = YES;
				GCC_OPTIMIZATION_LEVEL = 0;
				GCC_PREPROCESSOR_DEFINITIONS = (
					"DEBUG=1",
					"$(inherited)",
				);
				GCC_WARN_64_TO_32_BIT_CONVERSION = YES;
				GCC_WARN_ABOUT_RETURN_TYPE = YES_ERROR;
				GCC_WARN_UNDECLARED_SELECTOR = YES;
				GCC_WARN_UNINITIALIZED_AUTOS = YES_AGGRESSIVE;
				GCC_WARN_UNUSED_FUNCTION = YES;
				GCC_WARN_UNUSED_VARIABLE = YES;
				IPHONEOS_DEPLOYMENT_TARGET = 9.3;
				MTL_ENABLE_DEBUG_INFO = YES;
				ONLY_ACTIVE_ARCH = YES;
				SDKROOT = iphoneos;
			};
			name = Debug;
		};
		2F4D9C3A1D3A6CB500BA2675 /* Release */ = {
			isa = XCBuildConfiguration;
			buildSettings = {
				ALWAYS_SEARCH_USER_PATHS = NO;
				CLANG_ANALYZER_NONNULL = YES;
				CLANG_CXX_LANGUAGE_STANDARD = "gnu++0x";
				CLANG_CXX_LIBRARY = "libc++";
				CLANG_ENABLE_MODULES = YES;
				CLANG_ENABLE_OBJC_ARC = YES;
				CLANG_WARN_BOOL_CONVERSION = YES;
				CLANG_WARN_CONSTANT_CONVERSION = YES;
				CLANG_WARN_DIRECT_OBJC_ISA_USAGE = YES_ERROR;
				CLANG_WARN_EMPTY_BODY = YES;
				CLANG_WARN_ENUM_CONVERSION = YES;
				CLANG_WARN_INT_CONVERSION = YES;
				CLANG_WARN_OBJC_ROOT_CLASS = YES_ERROR;
				CLANG_WARN_UNREACHABLE_CODE = YES;
				CLANG_WARN__DUPLICATE_METHOD_MATCH = YES;
				"CODE_SIGN_IDENTITY[sdk=iphoneos*]" = "iPhone Developer";
				COPY_PHASE_STRIP = NO;
				DEBUG_INFORMATION_FORMAT = "dwarf-with-dsym";
				ENABLE_NS_ASSERTIONS = NO;
				ENABLE_STRICT_OBJC_MSGSEND = YES;
				GCC_C_LANGUAGE_STANDARD = gnu99;
				GCC_NO_COMMON_BLOCKS = YES;
				GCC_WARN_64_TO_32_BIT_CONVERSION = YES;
				GCC_WARN_ABOUT_RETURN_TYPE = YES_ERROR;
				GCC_WARN_UNDECLARED_SELECTOR = YES;
				GCC_WARN_UNINITIALIZED_AUTOS = YES_AGGRESSIVE;
				GCC_WARN_UNUSED_FUNCTION = YES;
				GCC_WARN_UNUSED_VARIABLE = YES;
				IPHONEOS_DEPLOYMENT_TARGET = 9.3;
				MTL_ENABLE_DEBUG_INFO = NO;
				SDKROOT = iphoneos;
				VALIDATE_PRODUCT = YES;
			};
			name = Release;
		};
		2F4D9C3C1D3A6CB500BA2675 /* Debug */ = {
			isa = XCBuildConfiguration;
			baseConfigurationReference = 1575D0978B17228376D81643 /* Pods.debug.xcconfig */;
			buildSettings = {
				ASSETCATALOG_COMPILER_APPICON_NAME = AppIcon;
				GCC_PREFIX_HEADER = "$(SRCROOT)/MiaoLive/PrefixHeader.pch";
				INFOPLIST_FILE = MiaoLive/Info.plist;
				LD_RUNPATH_SEARCH_PATHS = "$(inherited) @executable_path/Frameworks";
				PRODUCT_BUNDLE_IDENTIFIER = SuperShit.MiaoLive;
				PRODUCT_NAME = "$(TARGET_NAME)";
			};
			name = Debug;
		};
		2F4D9C3D1D3A6CB500BA2675 /* Release */ = {
			isa = XCBuildConfiguration;
			baseConfigurationReference = DC6F4F2580D588D70B3BC15F /* Pods.release.xcconfig */;
			buildSettings = {
				ASSETCATALOG_COMPILER_APPICON_NAME = AppIcon;
				GCC_PREFIX_HEADER = "$(SRCROOT)/MiaoLive/PrefixHeader.pch";
				INFOPLIST_FILE = MiaoLive/Info.plist;
				LD_RUNPATH_SEARCH_PATHS = "$(inherited) @executable_path/Frameworks";
				PRODUCT_BUNDLE_IDENTIFIER = SuperShit.MiaoLive;
				PRODUCT_NAME = "$(TARGET_NAME)";
			};
			name = Release;
		};
		2F4D9C3F1D3A6CB500BA2675 /* Debug */ = {
			isa = XCBuildConfiguration;
			buildSettings = {
				BUNDLE_LOADER = "$(TEST_HOST)";
				INFOPLIST_FILE = MiaoLiveTests/Info.plist;
				LD_RUNPATH_SEARCH_PATHS = "$(inherited) @executable_path/Frameworks @loader_path/Frameworks";
				PRODUCT_BUNDLE_IDENTIFIER = SuperShit.MiaoLiveTests;
				PRODUCT_NAME = "$(TARGET_NAME)";
				TEST_HOST = "$(BUILT_PRODUCTS_DIR)/MiaoLive.app/MiaoLive";
			};
			name = Debug;
		};
		2F4D9C401D3A6CB500BA2675 /* Release */ = {
			isa = XCBuildConfiguration;
			buildSettings = {
				BUNDLE_LOADER = "$(TEST_HOST)";
				INFOPLIST_FILE = MiaoLiveTests/Info.plist;
				LD_RUNPATH_SEARCH_PATHS = "$(inherited) @executable_path/Frameworks @loader_path/Frameworks";
				PRODUCT_BUNDLE_IDENTIFIER = SuperShit.MiaoLiveTests;
				PRODUCT_NAME = "$(TARGET_NAME)";
				TEST_HOST = "$(BUILT_PRODUCTS_DIR)/MiaoLive.app/MiaoLive";
			};
			name = Release;
		};
		2F4D9C421D3A6CB500BA2675 /* Debug */ = {
			isa = XCBuildConfiguration;
			buildSettings = {
				INFOPLIST_FILE = MiaoLiveUITests/Info.plist;
				LD_RUNPATH_SEARCH_PATHS = "$(inherited) @executable_path/Frameworks @loader_path/Frameworks";
				PRODUCT_BUNDLE_IDENTIFIER = SuperShit.MiaoLiveUITests;
				PRODUCT_NAME = "$(TARGET_NAME)";
				TEST_TARGET_NAME = MiaoLive;
			};
			name = Debug;
		};
		2F4D9C431D3A6CB500BA2675 /* Release */ = {
			isa = XCBuildConfiguration;
			buildSettings = {
				INFOPLIST_FILE = MiaoLiveUITests/Info.plist;
				LD_RUNPATH_SEARCH_PATHS = "$(inherited) @executable_path/Frameworks @loader_path/Frameworks";
				PRODUCT_BUNDLE_IDENTIFIER = SuperShit.MiaoLiveUITests;
				PRODUCT_NAME = "$(TARGET_NAME)";
				TEST_TARGET_NAME = MiaoLive;
			};
			name = Release;
		};
/* End XCBuildConfiguration section */

/* Begin XCConfigurationList section */
		2F4D9C091D3A6CB400BA2675 /* Build configuration list for PBXProject "MiaoLive" */ = {
			isa = XCConfigurationList;
			buildConfigurations = (
				2F4D9C391D3A6CB500BA2675 /* Debug */,
				2F4D9C3A1D3A6CB500BA2675 /* Release */,
			);
			defaultConfigurationIsVisible = 0;
			defaultConfigurationName = Release;
		};
		2F4D9C3B1D3A6CB500BA2675 /* Build configuration list for PBXNativeTarget "MiaoLive" */ = {
			isa = XCConfigurationList;
			buildConfigurations = (
				2F4D9C3C1D3A6CB500BA2675 /* Debug */,
				2F4D9C3D1D3A6CB500BA2675 /* Release */,
			);
			defaultConfigurationIsVisible = 0;
			defaultConfigurationName = Release;
		};
		2F4D9C3E1D3A6CB500BA2675 /* Build configuration list for PBXNativeTarget "MiaoLiveTests" */ = {
			isa = XCConfigurationList;
			buildConfigurations = (
				2F4D9C3F1D3A6CB500BA2675 /* Debug */,
				2F4D9C401D3A6CB500BA2675 /* Release */,
			);
			defaultConfigurationIsVisible = 0;
			defaultConfigurationName = Release;
		};
		2F4D9C411D3A6CB500BA2675 /* Build configuration list for PBXNativeTarget "MiaoLiveUITests" */ = {
			isa = XCConfigurationList;
			buildConfigurations = (
				2F4D9C421D3A6CB500BA2675 /* Debug */,
				2F4D9C431D3A6CB500BA2675 /* Release */,
			);
			defaultConfigurationIsVisible = 0;
			defaultConfigurationName = Release;
		};
/* End XCConfigurationList section */
	};
	rootObject = 2F4D9C061D3A6CB400BA2675 /* Project object */;
}
